
Microsoft Visual Studio Solution File, Format Version 12.00
# Visual Studio Version 16
VisualStudioVersion = 16.0.31112.23
MinimumVisualStudioVersion = 10.0.40219.1
Project("{FAE04EC0-301F-11D3-BF4B-00C04F79EFBC}") = "BitmapEditor", "BitmapEditor\BitmapEditor.csproj", "{C1404967-1E7F-448E-892A-747FFBDAFF74}"
EndProject
Global
	GlobalSection(SolutionConfigurationPlatforms) = preSolution
		Debug|Any CPU = Debug|Any CPU
		Release|Any CPU = Release|Any CPU
	EndGlobalSection
	GlobalSection(ProjectConfigurationPlatforms) = postSolution
		{C1404967-1E7F-448E-892A-747FFBDAFF74}.Debug|Any CPU.ActiveCfg = Debug|Any CPU
		{C1404967-1E7F-448E-892A-747FFBDAFF74}.Debug|Any CPU.Build.0 = Debug|Any CPU
		{C1404967-1E7F-448E-892A-747FFBDAFF74}.Release|Any CPU.ActiveCfg = Release|Any CPU
		{C1404967-1E7F-448E-892A-747FFBDAFF74}.Release|Any CPU.Build.0 = Release|Any CPU
	EndGlobalSection
	GlobalSection(SolutionProperties) = preSolution
		HideSolutionNode = FALSE
	EndGlobalSection
	GlobalSection(ExtensibilityGlobals) = postSolution
		SolutionGuid = {FE73B915-79B1-423D-9205-B8EC46B2FDFF}
	EndGlobalSection
EndGlobal
